
Microsoft Visual Studio Solution File, Format Version 10.00
# Visual C++ Express 2008
Project("{8BC9CEB8-8B4A-11D0-8D11-00A0C91BC942}") = "vs2008_templates", "vs2008_templates.vcproj", "{8BB9CE26-0589-490E-867A-32BEA5E228E3}"
EndProject
Global
	GlobalSection(SolutionConfigurationPlatforms) = preSolution
		Debug|Win32 = Debug|Win32
		Release|Win32 = Release|Win32
	EndGlobalSection
	GlobalSection(ProjectConfigurationPlatforms) = postSolution
		{8BB9CE26-0589-490E-867A-32BEA5E228E3}.Debug|Win32.ActiveCfg = Debug|Win32
		{8BB9CE26-0589-490E-867A-32BEA5E228E3}.Debug|Win32.Build.0 = Debug|Win32
		{8BB9CE26-0589-490E-867A-32BEA5E228E3}.Release|Win32.ActiveCfg = Release|Win32
		{8BB9CE26-0589-490E-867A-32BEA5E228E3}.Release|Win32.Build.0 = Release|Win32
	EndGlobalSection
	GlobalSection(SolutionProperties) = preSolution
		HideSolutionNode = FALSE
	EndGlobalSection
EndGlobal
